<Solution>
  <Configurations>
    <Platform Name="x64" />
    <Platform Name="x86" />
  </Configurations>
  <Folder Name="/Solution Items/">
    <File Path="../.github/workflows/CI_build.yml" />
    <File Path="../CHANGELOG.md" />
    <File Path="../README.md" />
  </Folder>
  <Project Path="PlantUmlViewer/PlantUmlViewer.csproj">
    <Platform Solution="*|x64" Project="x64" />
    <Platform Solution="*|x86" Project="x86" />
  </Project>
</Solution>
